
Microsoft Visual Studio Solution File, Format Version 12.00
# Visual Studio 14
VisualStudioVersion = 14.0.25123.0
MinimumVisualStudioVersion = 10.0.40219.1
Project("{FAE04EC0-301F-11D3-BF4B-00C04F79EFBC}") = "BlueQueenWeather", "BlueQueenWeather\BlueQueenWeather.csproj", "{A7DD8B19-28AD-430A-BB17-6B8BCB6B113E}"
EndProject
Project("{FAE04EC0-301F-11D3-BF4B-00C04F79EFBC}") = "BlueQueen", "BlueQueen\BlueQueen.csproj", "{F272997F-0A98-4721-A5EF-8DA587C4B936}"
EndProject
Project("{FAE04EC0-301F-11D3-BF4B-00C04F79EFBC}") = "BlueQueen.Weather.WindowsPhone", "BlueQueen.Weather.WindowsPhone\BlueQueen.Weather.WindowsPhone.csproj", "{CC8373DD-13FB-4053-8C03-5A191879205E}"
EndProject
Project("{FAE04EC0-301F-11D3-BF4B-00C04F79EFBC}") = "BlueQueenWeatherAndroidWidget", "BlueQueenWidget\BlueQueenWeatherAndroidWidget.csproj", "{8633B95A-4D75-49F8-9504-1350B5FAFF6D}"
EndProject
Global
	GlobalSection(SolutionConfigurationPlatforms) = preSolution
		Ad-Hoc|Any CPU = Ad-Hoc|Any CPU
		Ad-Hoc|ARM = Ad-Hoc|ARM
		Ad-Hoc|iPhone = Ad-Hoc|iPhone
		Ad-Hoc|iPhoneSimulator = Ad-Hoc|iPhoneSimulator
		Ad-Hoc|x86 = Ad-Hoc|x86
		AppStore|Any CPU = AppStore|Any CPU
		AppStore|ARM = AppStore|ARM
		AppStore|iPhone = AppStore|iPhone
		AppStore|iPhoneSimulator = AppStore|iPhoneSimulator
		AppStore|x86 = AppStore|x86
		Debug|Any CPU = Debug|Any CPU
		Debug|ARM = Debug|ARM
		Debug|iPhone = Debug|iPhone
		Debug|iPhoneSimulator = Debug|iPhoneSimulator
		Debug|x86 = Debug|x86
		Release|Any CPU = Release|Any CPU
		Release|ARM = Release|ARM
		Release|iPhone = Release|iPhone
		Release|iPhoneSimulator = Release|iPhoneSimulator
		Release|x86 = Release|x86
	EndGlobalSection
	GlobalSection(ProjectConfigurationPlatforms) = postSolution
		{A7DD8B19-28AD-430A-BB17-6B8BCB6B113E}.Ad-Hoc|Any CPU.ActiveCfg = Release|Any CPU
		{A7DD8B19-28AD-430A-BB17-6B8BCB6B113E}.Ad-Hoc|Any CPU.Build.0 = Release|Any CPU
		{A7DD8B19-28AD-430A-BB17-6B8BCB6B113E}.Ad-Hoc|Any CPU.Deploy.0 = Release|Any CPU
		{A7DD8B19-28AD-430A-BB17-6B8BCB6B113E}.Ad-Hoc|ARM.ActiveCfg = Release|Any CPU
		{A7DD8B19-28AD-430A-BB17-6B8BCB6B113E}.Ad-Hoc|ARM.Build.0 = Release|Any CPU
		{A7DD8B19-28AD-430A-BB17-6B8BCB6B113E}.Ad-Hoc|ARM.Deploy.0 = Release|Any CPU
		{A7DD8B19-28AD-430A-BB17-6B8BCB6B113E}.Ad-Hoc|iPhone.ActiveCfg = Release|Any CPU
		{A7DD8B19-28AD-430A-BB17-6B8BCB6B113E}.Ad-Hoc|iPhone.Build.0 = Release|Any CPU
		{A7DD8B19-28AD-430A-BB17-6B8BCB6B113E}.Ad-Hoc|iPhone.Deploy.0 = Release|Any CPU
		{A7DD8B19-28AD-430A-BB17-6B8BCB6B113E}.Ad-Hoc|iPhoneSimulator.ActiveCfg = Release|Any CPU
		{A7DD8B19-28AD-430A-BB17-6B8BCB6B113E}.Ad-Hoc|iPhoneSimulator.Build.0 = Release|Any CPU
		{A7DD8B19-28AD-430A-BB17-6B8BCB6B113E}.Ad-Hoc|iPhoneSimulator.Deploy.0 = Release|Any CPU
		{A7DD8B19-28AD-430A-BB17-6B8BCB6B113E}.Ad-Hoc|x86.ActiveCfg = Release|Any CPU
		{A7DD8B19-28AD-430A-BB17-6B8BCB6B113E}.Ad-Hoc|x86.Build.0 = Release|Any CPU
		{A7DD8B19-28AD-430A-BB17-6B8BCB6B113E}.Ad-Hoc|x86.Deploy.0 = Release|Any CPU
		{A7DD8B19-28AD-430A-BB17-6B8BCB6B113E}.AppStore|Any CPU.ActiveCfg = Release|Any CPU
		{A7DD8B19-28AD-430A-BB17-6B8BCB6B113E}.AppStore|Any CPU.Build.0 = Release|Any CPU
		{A7DD8B19-28AD-430A-BB17-6B8BCB6B113E}.AppStore|Any CPU.Deploy.0 = Release|Any CPU
		{A7DD8B19-28AD-430A-BB17-6B8BCB6B113E}.AppStore|ARM.ActiveCfg = Release|Any CPU
		{A7DD8B19-28AD-430A-BB17-6B8BCB6B113E}.AppStore|ARM.Build.0 = Release|Any CPU
		{A7DD8B19-28AD-430A-BB17-6B8BCB6B113E}.AppStore|ARM.Deploy.0 = Release|Any CPU
		{A7DD8B19-28AD-430A-BB17-6B8BCB6B113E}.AppStore|iPhone.ActiveCfg = Release|Any CPU
		{A7DD8B19-28AD-430A-BB17-6B8BCB6B113E}.AppStore|iPhone.Build.0 = Release|Any CPU
		{A7DD8B19-28AD-430A-BB17-6B8BCB6B113E}.AppStore|iPhone.Deploy.0 = Release|Any CPU
		{A7DD8B19-28AD-430A-BB17-6B8BCB6B113E}.AppStore|iPhoneSimulator.ActiveCfg = Release|Any CPU
		{A7DD8B19-28AD-430A-BB17-6B8BCB6B113E}.AppStore|iPhoneSimulator.Build.0 = Release|Any CPU
		{A7DD8B19-28AD-430A-BB17-6B8BCB6B113E}.AppStore|iPhoneSimulator.Deploy.0 = Release|Any CPU
		{A7DD8B19-28AD-430A-BB17-6B8BCB6B113E}.AppStore|x86.ActiveCfg = Release|Any CPU
		{A7DD8B19-28AD-430A-BB17-6B8BCB6B113E}.AppStore|x86.Build.0 = Release|Any CPU
		{A7DD8B19-28AD-430A-BB17-6B8BCB6B113E}.AppStore|x86.Deploy.0 = Release|Any CPU
		{A7DD8B19-28AD-430A-BB17-6B8BCB6B113E}.Debug|Any CPU.ActiveCfg = Debug|Any CPU
		{A7DD8B19-28AD-430A-BB17-6B8BCB6B113E}.Debug|Any CPU.Build.0 = Debug|Any CPU
		{A7DD8B19-28AD-430A-BB17-6B8BCB6B113E}.Debug|Any CPU.Deploy.0 = Debug|Any CPU
		{A7DD8B19-28AD-430A-BB17-6B8BCB6B113E}.Debug|ARM.ActiveCfg = Debug|Any CPU
		{A7DD8B19-28AD-430A-BB17-6B8BCB6B113E}.Debug|ARM.Build.0 = Debug|Any CPU
		{A7DD8B19-28AD-430A-BB17-6B8BCB6B113E}.Debug|ARM.Deploy.0 = Debug|Any CPU
		{A7DD8B19-28AD-430A-BB17-6B8BCB6B113E}.Debug|iPhone.ActiveCfg = Debug|Any CPU
		{A7DD8B19-28AD-430A-BB17-6B8BCB6B113E}.Debug|iPhone.Build.0 = Debug|Any CPU
		{A7DD8B19-28AD-430A-BB17-6B8BCB6B113E}.Debug|iPhone.Deploy.0 = Debug|Any CPU
		{A7DD8B19-28AD-430A-BB17-6B8BCB6B113E}.Debug|iPhoneSimulator.ActiveCfg = Debug|Any CPU
		{A7DD8B19-28AD-430A-BB17-6B8BCB6B113E}.Debug|iPhoneSimulator.Build.0 = Debug|Any CPU
		{A7DD8B19-28AD-430A-BB17-6B8BCB6B113E}.Debug|iPhoneSimulator.Deploy.0 = Debug|Any CPU
		{A7DD8B19-28AD-430A-BB17-6B8BCB6B113E}.Debug|x86.ActiveCfg = Debug|Any CPU
		{A7DD8B19-28AD-430A-BB17-6B8BCB6B113E}.Debug|x86.Build.0 = Debug|Any CPU
		{A7DD8B19-28AD-430A-BB17-6B8BCB6B113E}.Debug|x86.Deploy.0 = Debug|Any CPU
		{A7DD8B19-28AD-430A-BB17-6B8BCB6B113E}.Release|Any CPU.ActiveCfg = Release|Any CPU
		{A7DD8B19-28AD-430A-BB17-6B8BCB6B113E}.Release|Any CPU.Build.0 = Release|Any CPU
		{A7DD8B19-28AD-430A-BB17-6B8BCB6B113E}.Release|Any CPU.Deploy.0 = Release|Any CPU
		{A7DD8B19-28AD-430A-BB17-6B8BCB6B113E}.Release|ARM.ActiveCfg = Release|Any CPU
		{A7DD8B19-28AD-430A-BB17-6B8BCB6B113E}.Release|ARM.Build.0 = Release|Any CPU
		{A7DD8B19-28AD-430A-BB17-6B8BCB6B113E}.Release|ARM.Deploy.0 = Release|Any CPU
		{A7DD8B19-28AD-430A-BB17-6B8BCB6B113E}.Release|iPhone.ActiveCfg = Release|Any CPU
		{A7DD8B19-28AD-430A-BB17-6B8BCB6B113E}.Release|iPhone.Build.0 = Release|Any CPU
		{A7DD8B19-28AD-430A-BB17-6B8BCB6B113E}.Release|iPhone.Deploy.0 = Release|Any CPU
		{A7DD8B19-28AD-430A-BB17-6B8BCB6B113E}.Release|iPhoneSimulator.ActiveCfg = Release|Any CPU
		{A7DD8B19-28AD-430A-BB17-6B8BCB6B113E}.Release|iPhoneSimulator.Build.0 = Release|Any CPU
		{A7DD8B19-28AD-430A-BB17-6B8BCB6B113E}.Release|iPhoneSimulator.Deploy.0 = Release|Any CPU
		{A7DD8B19-28AD-430A-BB17-6B8BCB6B113E}.Release|x86.ActiveCfg = Release|Any CPU
		{A7DD8B19-28AD-430A-BB17-6B8BCB6B113E}.Release|x86.Build.0 = Release|Any CPU
		{A7DD8B19-28AD-430A-BB17-6B8BCB6B113E}.Release|x86.Deploy.0 = Release|Any CPU
		{F272997F-0A98-4721-A5EF-8DA587C4B936}.Ad-Hoc|Any CPU.ActiveCfg = Release|Any CPU
		{F272997F-0A98-4721-A5EF-8DA587C4B936}.Ad-Hoc|Any CPU.Build.0 = Release|Any CPU
		{F272997F-0A98-4721-A5EF-8DA587C4B936}.Ad-Hoc|ARM.ActiveCfg = Release|Any CPU
		{F272997F-0A98-4721-A5EF-8DA587C4B936}.Ad-Hoc|ARM.Build.0 = Release|Any CPU
		{F272997F-0A98-4721-A5EF-8DA587C4B936}.Ad-Hoc|iPhone.ActiveCfg = Release|Any CPU
		{F272997F-0A98-4721-A5EF-8DA587C4B936}.Ad-Hoc|iPhone.Build.0 = Release|Any CPU
		{F272997F-0A98-4721-A5EF-8DA587C4B936}.Ad-Hoc|iPhoneSimulator.ActiveCfg = Release|Any CPU
		{F272997F-0A98-4721-A5EF-8DA587C4B936}.Ad-Hoc|iPhoneSimulator.Build.0 = Release|Any CPU
		{F272997F-0A98-4721-A5EF-8DA587C4B936}.Ad-Hoc|x86.ActiveCfg = Release|Any CPU
		{F272997F-0A98-4721-A5EF-8DA587C4B936}.Ad-Hoc|x86.Build.0 = Release|Any CPU
		{F272997F-0A98-4721-A5EF-8DA587C4B936}.AppStore|Any CPU.ActiveCfg = Release|Any CPU
		{F272997F-0A98-4721-A5EF-8DA587C4B936}.AppStore|Any CPU.Build.0 = Release|Any CPU
		{F272997F-0A98-4721-A5EF-8DA587C4B936}.AppStore|ARM.ActiveCfg = Release|Any CPU
		{F272997F-0A98-4721-A5EF-8DA587C4B936}.AppStore|ARM.Build.0 = Release|Any CPU
		{F272997F-0A98-4721-A5EF-8DA587C4B936}.AppStore|iPhone.ActiveCfg = Release|Any CPU
		{F272997F-0A98-4721-A5EF-8DA587C4B936}.AppStore|iPhone.Build.0 = Release|Any CPU
		{F272997F-0A98-4721-A5EF-8DA587C4B936}.AppStore|iPhoneSimulator.ActiveCfg = Release|Any CPU
		{F272997F-0A98-4721-A5EF-8DA587C4B936}.AppStore|iPhoneSimulator.Build.0 = Release|Any CPU
		{F272997F-0A98-4721-A5EF-8DA587C4B936}.AppStore|x86.ActiveCfg = Release|Any CPU
		{F272997F-0A98-4721-A5EF-8DA587C4B936}.AppStore|x86.Build.0 = Release|Any CPU
		{F272997F-0A98-4721-A5EF-8DA587C4B936}.Debug|Any CPU.ActiveCfg = Debug|Any CPU
		{F272997F-0A98-4721-A5EF-8DA587C4B936}.Debug|Any CPU.Build.0 = Debug|Any CPU
		{F272997F-0A98-4721-A5EF-8DA587C4B936}.Debug|ARM.ActiveCfg = Debug|Any CPU
		{F272997F-0A98-4721-A5EF-8DA587C4B936}.Debug|ARM.Build.0 = Debug|Any CPU
		{F272997F-0A98-4721-A5EF-8DA587C4B936}.Debug|iPhone.ActiveCfg = Debug|Any CPU
		{F272997F-0A98-4721-A5EF-8DA587C4B936}.Debug|iPhone.Build.0 = Debug|Any CPU
		{F272997F-0A98-4721-A5EF-8DA587C4B936}.Debug|iPhoneSimulator.ActiveCfg = Debug|Any CPU
		{F272997F-0A98-4721-A5EF-8DA587C4B936}.Debug|iPhoneSimulator.Build.0 = Debug|Any CPU
		{F272997F-0A98-4721-A5EF-8DA587C4B936}.Debug|x86.ActiveCfg = Debug|Any CPU
		{F272997F-0A98-4721-A5EF-8DA587C4B936}.Debug|x86.Build.0 = Debug|Any CPU
		{F272997F-0A98-4721-A5EF-8DA587C4B936}.Release|Any CPU.ActiveCfg = Release|Any CPU
		{F272997F-0A98-4721-A5EF-8DA587C4B936}.Release|Any CPU.Build.0 = Release|Any CPU
		{F272997F-0A98-4721-A5EF-8DA587C4B936}.Release|ARM.ActiveCfg = Release|Any CPU
		{F272997F-0A98-4721-A5EF-8DA587C4B936}.Release|ARM.Build.0 = Release|Any CPU
		{F272997F-0A98-4721-A5EF-8DA587C4B936}.Release|iPhone.ActiveCfg = Release|Any CPU
		{F272997F-0A98-4721-A5EF-8DA587C4B936}.Release|iPhone.Build.0 = Release|Any CPU
		{F272997F-0A98-4721-A5EF-8DA587C4B936}.Release|iPhoneSimulator.ActiveCfg = Release|Any CPU
		{F272997F-0A98-4721-A5EF-8DA587C4B936}.Release|iPhoneSimulator.Build.0 = Release|Any CPU
		{F272997F-0A98-4721-A5EF-8DA587C4B936}.Release|x86.ActiveCfg = Release|Any CPU
		{F272997F-0A98-4721-A5EF-8DA587C4B936}.Release|x86.Build.0 = Release|Any CPU
		{CC8373DD-13FB-4053-8C03-5A191879205E}.Ad-Hoc|Any CPU.ActiveCfg = Release|Any CPU
		{CC8373DD-13FB-4053-8C03-5A191879205E}.Ad-Hoc|Any CPU.Build.0 = Release|Any CPU
		{CC8373DD-13FB-4053-8C03-5A191879205E}.Ad-Hoc|Any CPU.Deploy.0 = Release|Any CPU
		{CC8373DD-13FB-4053-8C03-5A191879205E}.Ad-Hoc|ARM.ActiveCfg = Release|ARM
		{CC8373DD-13FB-4053-8C03-5A191879205E}.Ad-Hoc|ARM.Build.0 = Release|ARM
		{CC8373DD-13FB-4053-8C03-5A191879205E}.Ad-Hoc|ARM.Deploy.0 = Release|ARM
		{CC8373DD-13FB-4053-8C03-5A191879205E}.Ad-Hoc|iPhone.ActiveCfg = Release|Any CPU
		{CC8373DD-13FB-4053-8C03-5A191879205E}.Ad-Hoc|iPhone.Build.0 = Release|Any CPU
		{CC8373DD-13FB-4053-8C03-5A191879205E}.Ad-Hoc|iPhone.Deploy.0 = Release|Any CPU
		{CC8373DD-13FB-4053-8C03-5A191879205E}.Ad-Hoc|iPhoneSimulator.ActiveCfg = Release|Any CPU
		{CC8373DD-13FB-4053-8C03-5A191879205E}.Ad-Hoc|iPhoneSimulator.Build.0 = Release|Any CPU
		{CC8373DD-13FB-4053-8C03-5A191879205E}.Ad-Hoc|iPhoneSimulator.Deploy.0 = Release|Any CPU
		{CC8373DD-13FB-4053-8C03-5A191879205E}.Ad-Hoc|x86.ActiveCfg = Release|x86
		{CC8373DD-13FB-4053-8C03-5A191879205E}.Ad-Hoc|x86.Build.0 = Release|x86
		{CC8373DD-13FB-4053-8C03-5A191879205E}.Ad-Hoc|x86.Deploy.0 = Release|x86
		{CC8373DD-13FB-4053-8C03-5A191879205E}.AppStore|Any CPU.ActiveCfg = Release|Any CPU
		{CC8373DD-13FB-4053-8C03-5A191879205E}.AppStore|Any CPU.Build.0 = Release|Any CPU
		{CC8373DD-13FB-4053-8C03-5A191879205E}.AppStore|Any CPU.Deploy.0 = Release|Any CPU
		{CC8373DD-13FB-4053-8C03-5A191879205E}.AppStore|ARM.ActiveCfg = Release|ARM
		{CC8373DD-13FB-4053-8C03-5A191879205E}.AppStore|ARM.Build.0 = Release|ARM
		{CC8373DD-13FB-4053-8C03-5A191879205E}.AppStore|ARM.Deploy.0 = Release|ARM
		{CC8373DD-13FB-4053-8C03-5A191879205E}.AppStore|iPhone.ActiveCfg = Release|Any CPU
		{CC8373DD-13FB-4053-8C03-5A191879205E}.AppStore|iPhone.Build.0 = Release|Any CPU
		{CC8373DD-13FB-4053-8C03-5A191879205E}.AppStore|iPhone.Deploy.0 = Release|Any CPU
		{CC8373DD-13FB-4053-8C03-5A191879205E}.AppStore|iPhoneSimulator.ActiveCfg = Release|Any CPU
		{CC8373DD-13FB-4053-8C03-5A191879205E}.AppStore|iPhoneSimulator.Build.0 = Release|Any CPU
		{CC8373DD-13FB-4053-8C03-5A191879205E}.AppStore|iPhoneSimulator.Deploy.0 = Release|Any CPU
		{CC8373DD-13FB-4053-8C03-5A191879205E}.AppStore|x86.ActiveCfg = Release|x86
		{CC8373DD-13FB-4053-8C03-5A191879205E}.AppStore|x86.Build.0 = Release|x86
		{CC8373DD-13FB-4053-8C03-5A191879205E}.AppStore|x86.Deploy.0 = Release|x86
		{CC8373DD-13FB-4053-8C03-5A191879205E}.Debug|Any CPU.ActiveCfg = Debug|Any CPU
		{CC8373DD-13FB-4053-8C03-5A191879205E}.Debug|Any CPU.Build.0 = Debug|Any CPU
		{CC8373DD-13FB-4053-8C03-5A191879205E}.Debug|Any CPU.Deploy.0 = Debug|Any CPU
		{CC8373DD-13FB-4053-8C03-5A191879205E}.Debug|ARM.ActiveCfg = Debug|ARM
		{CC8373DD-13FB-4053-8C03-5A191879205E}.Debug|ARM.Build.0 = Debug|ARM
		{CC8373DD-13FB-4053-8C03-5A191879205E}.Debug|ARM.Deploy.0 = Debug|ARM
		{CC8373DD-13FB-4053-8C03-5A191879205E}.Debug|iPhone.ActiveCfg = Debug|Any CPU
		{CC8373DD-13FB-4053-8C03-5A191879205E}.Debug|iPhone.Build.0 = Debug|Any CPU
		{CC8373DD-13FB-4053-8C03-5A191879205E}.Debug|iPhone.Deploy.0 = Debug|Any CPU
		{CC8373DD-13FB-4053-8C03-5A191879205E}.Debug|iPhoneSimulator.ActiveCfg = Debug|Any CPU
		{CC8373DD-13FB-4053-8C03-5A191879205E}.Debug|iPhoneSimulator.Build.0 = Debug|Any CPU
		{CC8373DD-13FB-4053-8C03-5A191879205E}.Debug|iPhoneSimulator.Deploy.0 = Debug|Any CPU
		{CC8373DD-13FB-4053-8C03-5A191879205E}.Debug|x86.ActiveCfg = Debug|x86
		{CC8373DD-13FB-4053-8C03-5A191879205E}.Debug|x86.Build.0 = Debug|x86
		{CC8373DD-13FB-4053-8C03-5A191879205E}.Debug|x86.Deploy.0 = Debug|x86
		{CC8373DD-13FB-4053-8C03-5A191879205E}.Release|Any CPU.ActiveCfg = Release|Any CPU
		{CC8373DD-13FB-4053-8C03-5A191879205E}.Release|Any CPU.Build.0 = Release|Any CPU
		{CC8373DD-13FB-4053-8C03-5A191879205E}.Release|Any CPU.Deploy.0 = Release|Any CPU
		{CC8373DD-13FB-4053-8C03-5A191879205E}.Release|ARM.ActiveCfg = Release|ARM
		{CC8373DD-13FB-4053-8C03-5A191879205E}.Release|ARM.Build.0 = Release|ARM
		{CC8373DD-13FB-4053-8C03-5A191879205E}.Release|ARM.Deploy.0 = Release|ARM
		{CC8373DD-13FB-4053-8C03-5A191879205E}.Release|iPhone.ActiveCfg = Release|Any CPU
		{CC8373DD-13FB-4053-8C03-5A191879205E}.Release|iPhone.Build.0 = Release|Any CPU
		{CC8373DD-13FB-4053-8C03-5A191879205E}.Release|iPhone.Deploy.0 = Release|Any CPU
		{CC8373DD-13FB-4053-8C03-5A191879205E}.Release|iPhoneSimulator.ActiveCfg = Release|Any CPU
		{CC8373DD-13FB-4053-8C03-5A191879205E}.Release|iPhoneSimulator.Build.0 = Release|Any CPU
		{CC8373DD-13FB-4053-8C03-5A191879205E}.Release|iPhoneSimulator.Deploy.0 = Release|Any CPU
		{CC8373DD-13FB-4053-8C03-5A191879205E}.Release|x86.ActiveCfg = Release|x86
		{CC8373DD-13FB-4053-8C03-5A191879205E}.Release|x86.Build.0 = Release|x86
		{CC8373DD-13FB-4053-8C03-5A191879205E}.Release|x86.Deploy.0 = Release|x86
		{8633B95A-4D75-49F8-9504-1350B5FAFF6D}.Ad-Hoc|Any CPU.ActiveCfg = Release|Any CPU
		{8633B95A-4D75-49F8-9504-1350B5FAFF6D}.Ad-Hoc|Any CPU.Build.0 = Release|Any CPU
		{8633B95A-4D75-49F8-9504-1350B5FAFF6D}.Ad-Hoc|Any CPU.Deploy.0 = Release|Any CPU
		{8633B95A-4D75-49F8-9504-1350B5FAFF6D}.Ad-Hoc|ARM.ActiveCfg = Release|Any CPU
		{8633B95A-4D75-49F8-9504-1350B5FAFF6D}.Ad-Hoc|ARM.Build.0 = Release|Any CPU
		{8633B95A-4D75-49F8-9504-1350B5FAFF6D}.Ad-Hoc|ARM.Deploy.0 = Release|Any CPU
		{8633B95A-4D75-49F8-9504-1350B5FAFF6D}.Ad-Hoc|iPhone.ActiveCfg = Release|Any CPU
		{8633B95A-4D75-49F8-9504-1350B5FAFF6D}.Ad-Hoc|iPhone.Build.0 = Release|Any CPU
		{8633B95A-4D75-49F8-9504-1350B5FAFF6D}.Ad-Hoc|iPhone.Deploy.0 = Release|Any CPU
		{8633B95A-4D75-49F8-9504-1350B5FAFF6D}.Ad-Hoc|iPhoneSimulator.ActiveCfg = Release|Any CPU
		{8633B95A-4D75-49F8-9504-1350B5FAFF6D}.Ad-Hoc|iPhoneSimulator.Build.0 = Release|Any CPU
		{8633B95A-4D75-49F8-9504-1350B5FAFF6D}.Ad-Hoc|iPhoneSimulator.Deploy.0 = Release|Any CPU
		{8633B95A-4D75-49F8-9504-1350B5FAFF6D}.Ad-Hoc|x86.ActiveCfg = Release|Any CPU
		{8633B95A-4D75-49F8-9504-1350B5FAFF6D}.Ad-Hoc|x86.Build.0 = Release|Any CPU
		{8633B95A-4D75-49F8-9504-1350B5FAFF6D}.Ad-Hoc|x86.Deploy.0 = Release|Any CPU
		{8633B95A-4D75-49F8-9504-1350B5FAFF6D}.AppStore|Any CPU.ActiveCfg = Release|Any CPU
		{8633B95A-4D75-49F8-9504-1350B5FAFF6D}.AppStore|Any CPU.Build.0 = Release|Any CPU
		{8633B95A-4D75-49F8-9504-1350B5FAFF6D}.AppStore|Any CPU.Deploy.0 = Release|Any CPU
		{8633B95A-4D75-49F8-9504-1350B5FAFF6D}.AppStore|ARM.ActiveCfg = Release|Any CPU
		{8633B95A-4D75-49F8-9504-1350B5FAFF6D}.AppStore|ARM.Build.0 = Release|Any CPU
		{8633B95A-4D75-49F8-9504-1350B5FAFF6D}.AppStore|ARM.Deploy.0 = Release|Any CPU
		{8633B95A-4D75-49F8-9504-1350B5FAFF6D}.AppStore|iPhone.ActiveCfg = Release|Any CPU
		{8633B95A-4D75-49F8-9504-1350B5FAFF6D}.AppStore|iPhone.Build.0 = Release|Any CPU
		{8633B95A-4D75-49F8-9504-1350B5FAFF6D}.AppStore|iPhone.Deploy.0 = Release|Any CPU
		{8633B95A-4D75-49F8-9504-1350B5FAFF6D}.AppStore|iPhoneSimulator.ActiveCfg = Release|Any CPU
		{8633B95A-4D75-49F8-9504-1350B5FAFF6D}.AppStore|iPhoneSimulator.Build.0 = Release|Any CPU
		{8633B95A-4D75-49F8-9504-1350B5FAFF6D}.AppStore|iPhoneSimulator.Deploy.0 = Release|Any CPU
		{8633B95A-4D75-49F8-9504-1350B5FAFF6D}.AppStore|x86.ActiveCfg = Release|Any CPU
		{8633B95A-4D75-49F8-9504-1350B5FAFF6D}.AppStore|x86.Build.0 = Release|Any CPU
		{8633B95A-4D75-49F8-9504-1350B5FAFF6D}.AppStore|x86.Deploy.0 = Release|Any CPU
		{8633B95A-4D75-49F8-9504-1350B5FAFF6D}.Debug|Any CPU.ActiveCfg = Debug|Any CPU
		{8633B95A-4D75-49F8-9504-1350B5FAFF6D}.Debug|Any CPU.Build.0 = Debug|Any CPU
		{8633B95A-4D75-49F8-9504-1350B5FAFF6D}.Debug|Any CPU.Deploy.0 = Debug|Any CPU
		{8633B95A-4D75-49F8-9504-1350B5FAFF6D}.Debug|ARM.ActiveCfg = Debug|Any CPU
		{8633B95A-4D75-49F8-9504-1350B5FAFF6D}.Debug|ARM.Build.0 = Debug|Any CPU
		{8633B95A-4D75-49F8-9504-1350B5FAFF6D}.Debug|ARM.Deploy.0 = Debug|Any CPU
		{8633B95A-4D75-49F8-9504-1350B5FAFF6D}.Debug|iPhone.ActiveCfg = Debug|Any CPU
		{8633B95A-4D75-49F8-9504-1350B5FAFF6D}.Debug|iPhone.Build.0 = Debug|Any CPU
		{8633B95A-4D75-49F8-9504-1350B5FAFF6D}.Debug|iPhone.Deploy.0 = Debug|Any CPU
		{8633B95A-4D75-49F8-9504-1350B5FAFF6D}.Debug|iPhoneSimulator.ActiveCfg = Debug|Any CPU
		{8633B95A-4D75-49F8-9504-1350B5FAFF6D}.Debug|iPhoneSimulator.Build.0 = Debug|Any CPU
		{8633B95A-4D75-49F8-9504-1350B5FAFF6D}.Debug|iPhoneSimulator.Deploy.0 = Debug|Any CPU
		{8633B95A-4D75-49F8-9504-1350B5FAFF6D}.Debug|x86.ActiveCfg = Debug|Any CPU
		{8633B95A-4D75-49F8-9504-1350B5FAFF6D}.Debug|x86.Build.0 = Debug|Any CPU
		{8633B95A-4D75-49F8-9504-1350B5FAFF6D}.Debug|x86.Deploy.0 = Debug|Any CPU
		{8633B95A-4D75-49F8-9504-1350B5FAFF6D}.Release|Any CPU.ActiveCfg = Release|Any CPU
		{8633B95A-4D75-49F8-9504-1350B5FAFF6D}.Release|Any CPU.Build.0 = Release|Any CPU
		{8633B95A-4D75-49F8-9504-1350B5FAFF6D}.Release|Any CPU.Deploy.0 = Release|Any CPU
		{8633B95A-4D75-49F8-9504-1350B5FAFF6D}.Release|ARM.ActiveCfg = Release|Any CPU
		{8633B95A-4D75-49F8-9504-1350B5FAFF6D}.Release|ARM.Build.0 = Release|Any CPU
		{8633B95A-4D75-49F8-9504-1350B5FAFF6D}.Release|ARM.Deploy.0 = Release|Any CPU
		{8633B95A-4D75-49F8-9504-1350B5FAFF6D}.Release|iPhone.ActiveCfg = Release|Any CPU
		{8633B95A-4D75-49F8-9504-1350B5FAFF6D}.Release|iPhone.Build.0 = Release|Any CPU
		{8633B95A-4D75-49F8-9504-1350B5FAFF6D}.Release|iPhone.Deploy.0 = Release|Any CPU
		{8633B95A-4D75-49F8-9504-1350B5FAFF6D}.Release|iPhoneSimulator.ActiveCfg = Release|Any CPU
		{8633B95A-4D75-49F8-9504-1350B5FAFF6D}.Release|iPhoneSimulator.Build.0 = Release|Any CPU
		{8633B95A-4D75-49F8-9504-1350B5FAFF6D}.Release|iPhoneSimulator.Deploy.0 = Release|Any CPU
		{8633B95A-4D75-49F8-9504-1350B5FAFF6D}.Release|x86.ActiveCfg = Release|Any CPU
		{8633B95A-4D75-49F8-9504-1350B5FAFF6D}.Release|x86.Build.0 = Release|Any CPU
		{8633B95A-4D75-49F8-9504-1350B5FAFF6D}.Release|x86.Deploy.0 = Release|Any CPU
	EndGlobalSection
	GlobalSection(SolutionProperties) = preSolution
		HideSolutionNode = FALSE
	EndGlobalSection
EndGlobal
